<?xml version="1.0" encoding="utf-8"?>
<Project ToolsVersion="4.0" xmlns="http://schemas.microsoft.com/developer/msbuild/2003">
  <ItemGroup>
    <Filter Include="Comum">
      <UniqueIdentifier>8ed39cea-3a55-43ab-9114-f2226b167da9</UniqueIdentifier>
    </Filter>
    <Filter Include="Ativos">
      <UniqueIdentifier>5c46a869-3883-4e11-8886-21cec234acce</UniqueIdentifier>
      <Extensions>bmp;fbx;gif;jpg;jpeg;tga;tiff;tif;png</Extensions>
    </Filter>
    <Filter Include="Conteúdo">
      <UniqueIdentifier>b2d58a6a-cf86-49f0-807e-d07b26caacf0</UniqueIdentifier>
    </Filter>
    <Filter Include="Shaders">
      <UniqueIdentifier>{39f80d74-86e5-40cf-93d6-ae92c5d5b097}</UniqueIdentifier>
    </Filter>
	<Filter Include="Dispositivos">
	  <UniqueIdentifier>{A1D428B4-8838-49CC-A7EA-E7BD3460CE8D}</UniqueIdentifier>
	</Filter>
    <ClInclude Include="Common\DirectXHelper.h">
      <Filter>Comum</Filter>
    </ClInclude>
    <ClInclude Include="Common\StepTimer.h">
      <Filter>Comum</Filter>
    </ClInclude>
    <ClInclude Include="Common\DeviceResources.h">
      <Filter>Comum</Filter>
    </ClInclude>
    <ClCompile Include="Common\DeviceResources.cpp">
      <Filter>Comum</Filter>
    </ClCompile>
    <ClInclude Include="UwpStorageBroker.h">
      <Filter>Comum</Filter>
    </ClInclude>
	<ClInclude Include="UwpAudioHost.h"><Filter>Dispositivos</Filter></ClInclude>
	<ClInclude Include="..\..\src\core\kernel\init\UwpDeviceBus.h"><Filter>Dispositivos</Filter></ClInclude>
	<ClInclude Include="..\..\src\core\kernel\init\UwpBrokeredFileAccess.h"><Filter>Dispositivos</Filter></ClInclude>
    <ClCompile Include="UwpStorageBroker.cpp">
      <Filter>Comum</Filter>
    </ClCompile>
	<ClCompile Include="UwpAudioHost.cpp"><Filter>Dispositivos</Filter></ClCompile>
	<ClCompile Include="..\..\src\core\kernel\init\UwpDeviceBus.cpp"><Filter>Dispositivos</Filter></ClCompile>
    <Image Include="Assets\LockScreenLogo.scale-200.png">
      <Filter>Ativos</Filter>
    </Image>
    <Image Include="Assets\SplashScreen.scale-200.png">
      <Filter>Ativos</Filter>
    </Image>
    <Image Include="Assets\Square150x150Logo.scale-200.png">
      <Filter>Ativos</Filter>
    </Image>
    <Image Include="Assets\Square44x44Logo.scale-200.png">
      <Filter>Ativos</Filter>
    </Image>
    <Image Include="Assets\Square44x44Logo.targetsize-24_altform-unplated.png">
      <Filter>Ativos</Filter>
    </Image>
    <Image Include="Assets\Wide310x150Logo.scale-200.png">
      <Filter>Ativos</Filter>
    </Image>
  </ItemGroup>
  <ItemGroup>
    <FxCompile Include="Shaders\UwpGuestFrameVS.hlsl"><Filter>Shaders</Filter></FxCompile>
    <FxCompile Include="Shaders\UwpGuestFramePS.hlsl"><Filter>Shaders</Filter></FxCompile>
  </ItemGroup>
  <ItemGroup>
    <ApplicationDefinition Include="App.xaml" />
  </ItemGroup>
  <ItemGroup>
    <ClCompile Include="Cxbx_R_uwpMain.cpp" />
    <ClCompile Include="..\..\src\core\hle\D3D8\Rendering\UwpD3D11Host.cpp" />
	<ClCompile Include="..\..\src\core\kernel\init\UwpNv2aProducer.cpp"><Filter>Fonte\Core</Filter></ClCompile>
    <ClCompile Include="pch.cpp" />
  </ItemGroup>
  <ItemGroup>
    <ClInclude Include="Cxbx_R_uwpMain.h" />
    <ClInclude Include="..\..\src\core\hle\D3D8\Rendering\UwpD3D11Host.h" />
	<ClInclude Include="..\..\src\core\kernel\init\UwpDeviceInterrupts.h" />
	<ClInclude Include="..\..\src\core\kernel\init\UwpNv2aProducer.h"><Filter>Headers\Core</Filter></ClInclude>
    <ClInclude Include="pch.h" />
  </ItemGroup>
  <ItemGroup>
    <Image Include="Assets\StoreLogo.png">
      <Filter>Ativos</Filter>
    </Image>
  </ItemGroup>
  <ItemGroup>
    <AppxManifest Include="Package.appxmanifest" />
  </ItemGroup>
  <ItemGroup>
    <Page Include="DirectXPage.xaml" />
  </ItemGroup>
  <ItemGroup>
    <None Include="Cxbx-R-uwp_TemporaryKey.pfx" />
  </ItemGroup>
</Project>
